
Microsoft Visual Studio Solution File, Format Version 12.00
# Visual Studio Version 16
VisualStudioVersion = 16.0.31624.102
MinimumVisualStudioVersion = 10.0.40219.1
Project("{9A19103F-16F7-4668-BE54-9A1E7A4F7556}") = "WEB UI", "dotNet TWITTER\WEB UI.csproj", "{6D2766EF-D920-47F4-B1B3-5D48D3EABBCD}"
EndProject
Project("{9A19103F-16F7-4668-BE54-9A1E7A4F7556}") = "Applications", "Applications\Applications.csproj", "{17B8A4F4-0E4A-49ED-BEF2-DB69710A1340}"
EndProject
Project("{9A19103F-16F7-4668-BE54-9A1E7A4F7556}") = "Domain", "Domain\Domain.csproj", "{EC20EF5A-EA7F-4E9E-AAF0-55C8F5428176}"
EndProject
Project("{2150E333-8FDC-42A3-9474-1A3956D46DE8}") = "src", "src", "{30100F5E-8CB6-4635-B502-357D6B030DC1}"
EndProject
Project("{2150E333-8FDC-42A3-9474-1A3956D46DE8}") = "tests", "tests", "{37EDFF4F-67C3-4DA8-8F15-183220EDD75C}"
EndProject
Project("{9A19103F-16F7-4668-BE54-9A1E7A4F7556}") = "Posts.Test", "Posts.Test\Posts.Test.csproj", "{5E54D704-0349-4193-9167-899C28E652F1}"
EndProject
Project("{FAE04EC0-301F-11D3-BF4B-00C04F79EFBC}") = "Twitter.IntegrationTests", "Twitter.IntegrationTests\Twitter.IntegrationTests.csproj", "{4A3E62D1-5F1C-4AC6-8DD2-3B4D40E47B2B}"
EndProject
Global
	GlobalSection(SolutionConfigurationPlatforms) = preSolution
		Debug|Any CPU = Debug|Any CPU
		Release|Any CPU = Release|Any CPU
	EndGlobalSection
	GlobalSection(ProjectConfigurationPlatforms) = postSolution
		{6D2766EF-D920-47F4-B1B3-5D48D3EABBCD}.Debug|Any CPU.ActiveCfg = Debug|Any CPU
		{6D2766EF-D920-47F4-B1B3-5D48D3EABBCD}.Debug|Any CPU.Build.0 = Debug|Any CPU
		{6D2766EF-D920-47F4-B1B3-5D48D3EABBCD}.Release|Any CPU.ActiveCfg = Release|Any CPU
		{6D2766EF-D920-47F4-B1B3-5D48D3EABBCD}.Release|Any CPU.Build.0 = Release|Any CPU
		{17B8A4F4-0E4A-49ED-BEF2-DB69710A1340}.Debug|Any CPU.ActiveCfg = Release|Any CPU
		{17B8A4F4-0E4A-49ED-BEF2-DB69710A1340}.Debug|Any CPU.Build.0 = Release|Any CPU
		{17B8A4F4-0E4A-49ED-BEF2-DB69710A1340}.Release|Any CPU.ActiveCfg = Release|Any CPU
		{17B8A4F4-0E4A-49ED-BEF2-DB69710A1340}.Release|Any CPU.Build.0 = Release|Any CPU
		{EC20EF5A-EA7F-4E9E-AAF0-55C8F5428176}.Debug|Any CPU.ActiveCfg = Release|Any CPU
		{EC20EF5A-EA7F-4E9E-AAF0-55C8F5428176}.Debug|Any CPU.Build.0 = Release|Any CPU
		{EC20EF5A-EA7F-4E9E-AAF0-55C8F5428176}.Release|Any CPU.ActiveCfg = Release|Any CPU
		{EC20EF5A-EA7F-4E9E-AAF0-55C8F5428176}.Release|Any CPU.Build.0 = Release|Any CPU
		{5E54D704-0349-4193-9167-899C28E652F1}.Debug|Any CPU.ActiveCfg = Debug|Any CPU
		{5E54D704-0349-4193-9167-899C28E652F1}.Debug|Any CPU.Build.0 = Debug|Any CPU
		{5E54D704-0349-4193-9167-899C28E652F1}.Release|Any CPU.ActiveCfg = Release|Any CPU
		{5E54D704-0349-4193-9167-899C28E652F1}.Release|Any CPU.Build.0 = Release|Any CPU
		{4A3E62D1-5F1C-4AC6-8DD2-3B4D40E47B2B}.Debug|Any CPU.ActiveCfg = Debug|Any CPU
		{4A3E62D1-5F1C-4AC6-8DD2-3B4D40E47B2B}.Debug|Any CPU.Build.0 = Debug|Any CPU
		{4A3E62D1-5F1C-4AC6-8DD2-3B4D40E47B2B}.Release|Any CPU.ActiveCfg = Release|Any CPU
		{4A3E62D1-5F1C-4AC6-8DD2-3B4D40E47B2B}.Release|Any CPU.Build.0 = Release|Any CPU
	EndGlobalSection
	GlobalSection(SolutionProperties) = preSolution
		HideSolutionNode = FALSE
	EndGlobalSection
	GlobalSection(NestedProjects) = preSolution
		{6D2766EF-D920-47F4-B1B3-5D48D3EABBCD} = {30100F5E-8CB6-4635-B502-357D6B030DC1}
		{17B8A4F4-0E4A-49ED-BEF2-DB69710A1340} = {30100F5E-8CB6-4635-B502-357D6B030DC1}
		{EC20EF5A-EA7F-4E9E-AAF0-55C8F5428176} = {30100F5E-8CB6-4635-B502-357D6B030DC1}
		{5E54D704-0349-4193-9167-899C28E652F1} = {37EDFF4F-67C3-4DA8-8F15-183220EDD75C}
		{4A3E62D1-5F1C-4AC6-8DD2-3B4D40E47B2B} = {37EDFF4F-67C3-4DA8-8F15-183220EDD75C}
	EndGlobalSection
	GlobalSection(ExtensibilityGlobals) = postSolution
		SolutionGuid = {2B9F790E-7897-47BC-9A11-AEDEAAE25216}
	EndGlobalSection
EndGlobal
